{
    "_meta": {
        "hash": {
            "sha256": "d3109fc9ffd4e328592389a227547f2d8e1373a831e79f7d22e17b9b65392931"
        },
        "pipfile-spec": 6,
        "requires": {
            "python_version": "3.10"
        },
        "sources": [
            {
                "name": "pip_conf_index_global",
                "url": "https://gitlab.gitguardian.ovh/api/v4/projects/435/packages/pypi/simple",
                "verify_ssl": true
            }
        ]
    },
    "default": {
        "requests": {
            "hashes": [
                "sha256:2ef65639cb9600443f85451df487818c31f993ab288f313d29cc9db4f3cbe6ed",
                "sha256:78536038f54cff6ade3be6863403146665b5a3923dd61108c98d8b64141f9d70"
            ],
            "index": "pip_conf_index_global",
            "version": "==2.0.0"
        }
    },
    "develop": {}
}
